
Microsoft Visual Studio Solution File, Format Version 12.00
Project("{FAE04EC0-301F-11D3-BF4B-00C04F79EFBC}") = "Generics", "Generics\Generics.csproj", "{3199665A-1A65-4582-A31C-0F2513668E3E}"
EndProject
Project("{FAE04EC0-301F-11D3-BF4B-00C04F79EFBC}") = "Generics.Benchmarks", "Generics.Benchmarks\Generics.Benchmarks.csproj", "{924164AD-5937-4041-9E18-864CE93B376E}"
EndProject
Project("{FAE04EC0-301F-11D3-BF4B-00C04F79EFBC}") = "AmongUs.Core", "AmongUs.Core\AmongUs.Core.csproj", "{BAE7B491-5391-40B0-8773-603F42A6FFA0}"
EndProject
Project("{FAE04EC0-301F-11D3-BF4B-00C04F79EFBC}") = "FreeHack.Safe", "FreeHack.Safe\FreeHack.Safe.csproj", "{D11DCE53-331B-4975-97E0-3BBA2827A54A}"
EndProject
Global
	GlobalSection(SolutionConfigurationPlatforms) = preSolution
		Debug|Any CPU = Debug|Any CPU
		Release|Any CPU = Release|Any CPU
	EndGlobalSection
	GlobalSection(ProjectConfigurationPlatforms) = postSolution
		{3199665A-1A65-4582-A31C-0F2513668E3E}.Debug|Any CPU.ActiveCfg = Debug|Any CPU
		{3199665A-1A65-4582-A31C-0F2513668E3E}.Debug|Any CPU.Build.0 = Debug|Any CPU
		{3199665A-1A65-4582-A31C-0F2513668E3E}.Release|Any CPU.ActiveCfg = Release|Any CPU
		{3199665A-1A65-4582-A31C-0F2513668E3E}.Release|Any CPU.Build.0 = Release|Any CPU
		{924164AD-5937-4041-9E18-864CE93B376E}.Debug|Any CPU.ActiveCfg = Debug|Any CPU
		{924164AD-5937-4041-9E18-864CE93B376E}.Debug|Any CPU.Build.0 = Debug|Any CPU
		{924164AD-5937-4041-9E18-864CE93B376E}.Release|Any CPU.ActiveCfg = Release|Any CPU
		{924164AD-5937-4041-9E18-864CE93B376E}.Release|Any CPU.Build.0 = Release|Any CPU
		{BAE7B491-5391-40B0-8773-603F42A6FFA0}.Debug|Any CPU.ActiveCfg = Debug|Any CPU
		{BAE7B491-5391-40B0-8773-603F42A6FFA0}.Debug|Any CPU.Build.0 = Debug|Any CPU
		{BAE7B491-5391-40B0-8773-603F42A6FFA0}.Release|Any CPU.ActiveCfg = Release|Any CPU
		{BAE7B491-5391-40B0-8773-603F42A6FFA0}.Release|Any CPU.Build.0 = Release|Any CPU
		{D11DCE53-331B-4975-97E0-3BBA2827A54A}.Debug|Any CPU.ActiveCfg = Debug|Any CPU
		{D11DCE53-331B-4975-97E0-3BBA2827A54A}.Debug|Any CPU.Build.0 = Debug|Any CPU
		{D11DCE53-331B-4975-97E0-3BBA2827A54A}.Release|Any CPU.ActiveCfg = Release|Any CPU
		{D11DCE53-331B-4975-97E0-3BBA2827A54A}.Release|Any CPU.Build.0 = Release|Any CPU
	EndGlobalSection
EndGlobal
